
Microsoft Visual Studio Solution File, Format Version 12.00
# Visual Studio Version 17
VisualStudioVersion = 17.10.34928.147
MinimumVisualStudioVersion = 10.0.40219.1
Project("{FAE04EC0-301F-11D3-BF4B-00C04F79EFBC}") = "MultiTenantAndRolesTest", "MultiTenantAndRolesTest\MultiTenantAndRolesTest.csproj", "{117A645C-B0AF-42F6-8BCD-0CA096EC0797}"
EndProject
Global
	GlobalSection(SolutionConfigurationPlatforms) = preSolution
		Debug|Any CPU = Debug|Any CPU
		Release|Any CPU = Release|Any CPU
	EndGlobalSection
	GlobalSection(ProjectConfigurationPlatforms) = postSolution
		{117A645C-B0AF-42F6-8BCD-0CA096EC0797}.Debug|Any CPU.ActiveCfg = Debug|Any CPU
		{117A645C-B0AF-42F6-8BCD-0CA096EC0797}.Debug|Any CPU.Build.0 = Debug|Any CPU
		{117A645C-B0AF-42F6-8BCD-0CA096EC0797}.Release|Any CPU.ActiveCfg = Release|Any CPU
		{117A645C-B0AF-42F6-8BCD-0CA096EC0797}.Release|Any CPU.Build.0 = Release|Any CPU
	EndGlobalSection
	GlobalSection(SolutionProperties) = preSolution
		HideSolutionNode = FALSE
	EndGlobalSection
	GlobalSection(ExtensibilityGlobals) = postSolution
		SolutionGuid = {180CEC25-F4C9-4579-B4B7-2C4F032414BA}
	EndGlobalSection
EndGlobal
